
Microsoft Visual Studio Solution File, Format Version 12.00
# Visual Studio Version 16
VisualStudioVersion = 16.0.31205.134
MinimumVisualStudioVersion = 10.0.40219.1
Project("{FAE04EC0-301F-11D3-BF4B-00C04F79EFBC}") = "NIX_2", "NIX_2.csproj", "{7A2B64AD-006E-4853-AD64-E96C2FBF8D5E}"
EndProject
Global
	GlobalSection(SolutionConfigurationPlatforms) = preSolution
		Debug|Any CPU = Debug|Any CPU
		Release|Any CPU = Release|Any CPU
	EndGlobalSection
	GlobalSection(ProjectConfigurationPlatforms) = postSolution
		{7A2B64AD-006E-4853-AD64-E96C2FBF8D5E}.Debug|Any CPU.ActiveCfg = Debug|Any CPU
		{7A2B64AD-006E-4853-AD64-E96C2FBF8D5E}.Debug|Any CPU.Build.0 = Debug|Any CPU
		{7A2B64AD-006E-4853-AD64-E96C2FBF8D5E}.Release|Any CPU.ActiveCfg = Release|Any CPU
		{7A2B64AD-006E-4853-AD64-E96C2FBF8D5E}.Release|Any CPU.Build.0 = Release|Any CPU
	EndGlobalSection
	GlobalSection(SolutionProperties) = preSolution
		HideSolutionNode = FALSE
	EndGlobalSection
	GlobalSection(ExtensibilityGlobals) = postSolution
		SolutionGuid = {A461199E-7C3D-4B20-903D-B28D47EBAA97}
	EndGlobalSection
EndGlobal
